PODS:
  - Alamofire (5.5.0)
  - Hero (1.6.1)
  - lottie-ios (3.2.3)
  - PinterestUISwift (0.2.0)
  - SideMenu (6.5.0)

DEPENDENCIES:
  - Alamofire (~> 5.5)
  - Hero
  - lottie-ios
  - PinterestUISwift
  - SideMenu (~> 6.0)

SPEC REPOS:
  trunk:
    - Alamofire
    - Hero
    - lottie-ios
    - PinterestUISwift
    - SideMenu

SPEC CHECKSUMS:
  Alamofire: 1c4fb5369c3fe93d2857c780d8bbe09f06f97e7c
  Hero: 215865ba3ae41dd9bb08cd6c60a645529c6fc94b
  lottie-ios: c058aeafa76daa4cf64d773554bccc8385d0150e
  PinterestUISwift: 41727d6f72e1b338ef47490537746c690df64880
  SideMenu: f583187d21c5b1dd04c72002be544b555a2627a2

PODFILE CHECKSUM: 091e8d812734e294cfe2f58362efe3a9107076f4

COCOAPODS: 1.11.2
